<?xml version="1.0" encoding="utf-8"?>
<Project ToolsVersion="4.0" xmlns="http://schemas.microsoft.com/developer/msbuild/2003">
  <ItemGroup>
    <Filter Include="Source Files">
      <UniqueIdentifier>{4FC737F1-C7A5-4376-A066-2A32D752A2FF}</UniqueIdentifier>
      <Extensions>cpp;c;cc;cxx;def;odl;idl;hpj;bat;asm;asmx</Extensions>
    </Filter>
    <Filter Include="Header Files">
      <UniqueIdentifier>{93995380-89BD-4b04-88EB-625FBE52EBFB}</UniqueIdentifier>
      <Extensions>h;hh;hpp;hxx;hm;inl;inc;xsd</Extensions>
    </Filter>
    <Filter Include="Resource Files">
      <UniqueIdentifier>{67DA6AB6-F800-4c08-8B7A-83BB121AAD01}</UniqueIdentifier>
      <Extensions>rc;ico;cur;bmp;dlg;rc2;rct;bin;rgs;gif;jpg;jpeg;jpe;resx;tiff;tif;png;wav;mfcribbon-ms</Extensions>
    </Filter>
  </ItemGroup>
  <ItemGroup>
    <ClCompile Include="520_Win32.cpp">
      <Filter>Source Files</Filter>
    </ClCompile>
    <ClCompile Include="DeviceResources.cpp">
      <Filter>Source Files</Filter>
    </ClCompile>
    <ClCompile Include="Content\SimpleMesh.cpp">
      <Filter>Source Files</Filter>
    </ClCompile>
    <ClCompile Include="Content\DDSLoader\DDSTextureLoader.cpp">
      <Filter>Source Files</Filter>
    </ClCompile>
    <ClCompile Include="Content\objLoader\tiny_obj_loader.cc">
      <Filter>Source Files</Filter>
    </ClCompile>
    <ClCompile Include="Content\Renderer.cpp">
      <Filter>Source Files</Filter>
    </ClCompile>
    <ClCompile Include="pch.cpp">
      <Filter>Source Files</Filter>
    </ClCompile>
    <ClCompile Include="Content\LightSystem.cpp">
      <Filter>Source Files</Filter>
    </ClCompile>
  </ItemGroup>
  <ItemGroup>
    <ClInclude Include="DeviceResources.h">
      <Filter>Header Files</Filter>
    </ClInclude>
    <ClInclude Include="Content\Camera.h">
      <Filter>Header Files</Filter>
    </ClInclude>
    <ClInclude Include="Content\ShaderStructures.h">
      <Filter>Header Files</Filter>
    </ClInclude>
    <ClInclude Include="Content\SimpleMesh.h">
      <Filter>Header Files</Filter>
    </ClInclude>
    <ClInclude Include="Content\DDSLoader\DDSTextureLoader.h">
      <Filter>Header Files</Filter>
    </ClInclude>
    <ClInclude Include="Content\objLoader\tiny_obj_loader.h">
      <Filter>Header Files</Filter>
    </ClInclude>
    <ClInclude Include="520_Win32.h">
      <Filter>Header Files</Filter>
    </ClInclude>
    <ClInclude Include="Content\Renderer.h">
      <Filter>Header Files</Filter>
    </ClInclude>
    <ClInclude Include="DirectXHelper.h">
      <Filter>Header Files</Filter>
    </ClInclude>
    <ClInclude Include="StepTimer.h">
      <Filter>Header Files</Filter>
    </ClInclude>
    <ClInclude Include="pch.h">
      <Filter>Header Files</Filter>
    </ClInclude>
    <ClInclude Include="Content\DirectXTex\DirectXTex.h">
      <Filter>Header Files</Filter>
    </ClInclude>
    <ClInclude Include="Content\LightSystem.h">
      <Filter>Header Files</Filter>
    </ClInclude>
    <ClInclude Include="Content\MortonKey\mortonkeys.h">
      <Filter>Header Files</Filter>
    </ClInclude>
    <ClInclude Include="Content\Profiler.h">
      <Filter>Header Files</Filter>
    </ClInclude>
  </ItemGroup>
  <ItemGroup>
    <FxCompile Include="Content\Shaders\DeferredPS.hlsl" />
    <FxCompile Include="Content\Shaders\DeferredVS.hlsl" />
    <FxCompile Include="Content\Shaders\FinalPS.hlsl" />
    <FxCompile Include="Content\Shaders\FinalVS.hlsl" />
    <FxCompile Include="Content\Shaders\SortClustersCS.hlsl" />
    <FxCompile Include="Content\Shaders\AssignClustersCS.hlsl" />
    <FxCompile Include="Content\Shaders\CompactClustersCS.hlsl" />
    <FxCompile Include="Content\Shaders\CompactClusters2CS.hlsl" />
    <FxCompile Include="Content\Shaders\FinalClusterNumsCS.hlsl" />
    <FxCompile Include="Content\Shaders\AABBConstructTreeCS.hlsl" />
    <FxCompile Include="Content\Shaders\TraverseTreeCS.hlsl" />
    <FxCompile Include="Content\Shaders\SumClusterLightCountsCS.hlsl" />
    <FxCompile Include="Content\Shaders\MakeLightListCS.hlsl" />
    <FxCompile Include="Content\Shaders\LightModelVS.hlsl" />
    <FxCompile Include="Content\Shaders\LightModelPS.hlsl" />
    <FxCompile Include="Content\Shaders\PrefixMinMaxLightPosCS.hlsl" />
    <FxCompile Include="Content\Shaders\CalcZCodesCS.hlsl" />
    <FxCompile Include="Content\Shaders\BitonicSort\Sort512CS.hlsl" />
    <FxCompile Include="Content\Shaders\BitonicSort\SortInner512CS.hlsl" />
    <FxCompile Include="Content\Shaders\BitonicSort\SortStepCS.hlsl" />
  </ItemGroup>
  <ItemGroup>
    <None Include="Content\DirectXTex\DirectXTex.inl">
      <Filter>Header Files</Filter>
    </None>
  </ItemGroup>
  <ItemGroup>
    <Library Include="Content\DirectXTex\DirectXTex.lib" />
  </ItemGroup>
</Project>